# THIS IS AN AUTOGENERATED FILE. DO NOT EDIT THIS FILE DIRECTLY.
# yarn lockfile v1


three@^0.98.0:
  version "0.98.0"
  resolved "https://registry.yarnpkg.com/three/-/three-0.98.0.tgz#11d4e3cca4b5d099c7de0ea5afa153b5d20cda84"
  integrity sha512-fihjYVjCmQbI03zt1+YCl/m+UrZCcDHFNLexgqBOIdPwnO6PYkQaYUsIbqtvNNse+BiMeu+pQWzZn9/NSnIv6A==
